{
    "_meta": {
        "hash": {
            "sha256": "2fbedce3fff221620561afba407ad1e046b5ff0c6564ddb996edeaca7ec46ae3"
        },
        "pipfile-spec": 6,
        "requires": {
            "python_version": "3.12"
        },
        "sources": [
            {
                "name": "pypi",
                "url": "https://pypi.org/simple",
                "verify_ssl": true
            }
        ]
    },
    "default": {
        "numpy": {
            "hashes": [
                "sha256:0025048b3c1557a20bc80d06fdeb8cc7fc193721484cca82b2cfa072fec71a93",
                "sha256:010ce9b4f00d5c036053ca684c77441f2f2c934fd23bee058b4d6f196efd8280",
                "sha256:0bb3a4a61e1d327e035275d2a993c96fa786e4913aa089843e6a2d9dd205c66a",
                "sha256:0c4d9e0a8368db90f93bd192bfa771ace63137c3488d198ee21dfb8e7771916e",
                "sha256:15aa4c392ac396e2ad3d0a2680c0f0dee420f9fed14eef09bdb9450ee6dcb7b7",
                "sha256:18703df6c4a4fee55fd3d6e5a253d01c5d33a295409b03fda0c86b3ca2ff41a1",
                "sha256:1ec9ae20a4226da374362cca3c62cd753faf2f951440b0e3b98e93c235441d2b",
                "sha256:23ab05b2d241f76cb883ce8b9a93a680752fbfcbd51c50eff0b88b979e471d8c",
                "sha256:25a1992b0a3fdcdaec9f552ef10d8103186f5397ab45e2d25f8ac51b1a6b97e8",
                "sha256:2959d8f268f3d8ee402b04a9ec4bb7604555aeacf78b360dc4ec27f1d508177d",
                "sha256:2a809637460e88a113e186e87f228d74ae2852a2e0c44de275263376f17b5bdc",
                "sha256:2fb86b7e58f9ac50e1e9dd1290154107e47d1eef23a0ae9145ded06ea606f992",
                "sha256:36890eb9e9d2081137bd78d29050ba63b8dab95dff7912eadf1185e80074b2a0",
                "sha256:39bff12c076812595c3a306f22bfe49919c5513aa1e0e70fac756a0be7c2a2b8",
                "sha256:467db865b392168ceb1ef1ffa6f5a86e62468c43e0cfb4ab6da667ede10e58db",
                "sha256:4e602e1b8682c2b833af89ba641ad4176053aaa50f5cacda1a27004352dde943",
                "sha256:5902660491bd7a48b2ec16c23ccb9124b8abfd9583c5fdfa123fe6b421e03de1",
                "sha256:5ccb7336eaf0e77c1635b232c141846493a588ec9ea777a7c24d7166bb8533ae",
                "sha256:5f1b8f26d1086835f442286c1d9b64bb3974b0b1e41bb105358fd07d20872952",
                "sha256:6269b9edfe32912584ec496d91b00b6d34282ca1d07eb10e82dfc780907d6c2e",
                "sha256:6ea9e48336a402551f52cd8f593343699003d2353daa4b72ce8d34f66b722070",
                "sha256:762e0c0c6b56bdedfef9a8e1d4538556438288c4276901ea008ae44091954e29",
                "sha256:7be91b2239af2658653c5bb6f1b8bccafaf08226a258caf78ce44710a0160d30",
                "sha256:7dea630156d39b02a63c18f508f85010230409db5b2927ba59c8ba4ab3e8272e",
                "sha256:867ef172a0976aaa1f1d1b63cf2090de8b636a7674607d514505fb7276ab08fc",
                "sha256:8d5ee6eec45f08ce507a6570e06f2f879b374a552087a4179ea7838edbcbfa42",
                "sha256:8e333040d069eba1652fb08962ec5b76af7f2c7bce1df7e1418c8055cf776f25",
                "sha256:a5ee121b60aa509679b682819c602579e1df14a5b07fe95671c8849aad8f2115",
                "sha256:a780033466159c2270531e2b8ac063704592a0bc62ec4a1b991c7c40705eb0e8",
                "sha256:a894f3816eb17b29e4783e5873f92faf55b710c2519e5c351767c51f79d8526d",
                "sha256:a8b740f5579ae4585831b3cf0e3b0425c667274f82a484866d2adf9570539369",
                "sha256:ad506d4b09e684394c42c966ec1527f6ebc25da7f4da4b1b056606ffe446b8a3",
                "sha256:afed2ce4a84f6b0fc6c1ce734ff368cbf5a5e24e8954a338f3bdffa0718adffb",
                "sha256:b0b5397374f32ec0649dd98c652a1798192042e715df918c20672c62fb52d4b8",
                "sha256:bada6058dd886061f10ea15f230ccf7dfff40572e99fef440a4a857c8728c9c0",
                "sha256:c4913079974eeb5c16ccfd2b1f09354b8fed7e0d6f2cab933104a09a6419b1ee",
                "sha256:c5bdf2015ccfcee8253fb8be695516ac4457c743473a43290fd36eba6a1777eb",
                "sha256:c6e0bf9d1a2f50d2b65a7cf56db37c095af17b59f6c132396f7c6d5dd76484df",
                "sha256:ce2ce9e5de4703a673e705183f64fd5da5bf36e7beddcb63a25ee2286e71ca48",
                "sha256:cfecc7822543abdea6de08758091da655ea2210b8ffa1faf116b940693d3df76",
                "sha256:d4580adadc53311b163444f877e0789f1c8861e2698f6b2a4ca852fda154f3ff",
                "sha256:d70f20df7f08b90a2062c1f07737dd340adccf2068d0f1b9b3d56e2038979fee",
                "sha256:e344eb79dab01f1e838ebb67aab09965fb271d6da6b00adda26328ac27d4a66e",
                "sha256:e610832418a2bc09d974cc9fecebfa51e9532d6190223bc5ef6a7402ebf3b5cb",
                "sha256:e772dda20a6002ef7061713dc1e2585bc1b534e7909b2030b5a46dae8ff077ab",
                "sha256:e7cbf5a5eafd8d230a3ce356d892512185230e4781a361229bd902ff403bc660",
                "sha256:eabd7e8740d494ce2b4ea0ff05afa1b7b291e978c0ae075487c51e8bd93c0c68",
                "sha256:ebb8603d45bc86bbd5edb0d63e52c5fd9e7945d3a503b77e486bd88dde67a19b",
                "sha256:ec0bdafa906f95adc9a0c6f26a4871fa753f25caaa0e032578a30457bff0af6a",
                "sha256:eccb9a159db9aed60800187bc47a6d3451553f0e1b08b068d8b277ddfbb9b244",
                "sha256:ee8340cb48c9b7a5899d1149eece41ca535513a9698098edbade2a8e7a84da77"
            ],
            "index": "pypi",
            "markers": "python_version >= '3.11'",
            "version": "==2.3.1"
        },
        "pandas": {
            "hashes": [
                "sha256:025e92411c16cbe5bb2a4abc99732a6b132f439b8aab23a59fa593eb00704232",
                "sha256:09e3b1587f0f3b0913e21e8b32c3119174551deb4a4eba4a89bc7377947977e7",
                "sha256:0a95b9ac964fe83ce317827f80304d37388ea77616b1425f0ae41c9d2d0d7bb2",
                "sha256:0f951fbb702dacd390561e0ea45cdd8ecfa7fb56935eb3dd78e306c19104b9b0",
                "sha256:1b916a627919a247d865aed068eb65eb91a344b13f5b57ab9f610b7716c92de1",
                "sha256:1c78cf43c8fde236342a1cb2c34bcff89564a7bfed7e474ed2fffa6aed03a956",
                "sha256:1d12f618d80379fde6af007f65f0c25bd3e40251dbd1636480dfffce2cf1e6da",
                "sha256:22c2e866f7209ebc3a8f08d75766566aae02bcc91d196935a1d9e59c7b990ac9",
                "sha256:2323294c73ed50f612f67e2bf3ae45aea04dce5690778e08a09391897f35ff88",
                "sha256:2b0540963d83431f5ce8870ea02a7430adca100cec8a050f0811f8e31035541b",
                "sha256:2ba6aff74075311fc88504b1db890187a3cd0f887a5b10f5525f8e2ef55bfdb9",
                "sha256:2eb789ae0274672acbd3c575b0598d213345660120a257b47b5dafdc618aec83",
                "sha256:2f4d6feeba91744872a600e6edbbd5b033005b431d5ae8379abee5bcfa479fab",
                "sha256:342e59589cc454aaff7484d75b816a433350b3d7964d7847327edda4d532a2e3",
                "sha256:3462c3735fe19f2638f2c3a40bd94ec2dc5ba13abbb032dd2fa1f540a075509d",
                "sha256:3583d348546201aff730c8c47e49bc159833f971c2899d6097bce68b9112a4f1",
                "sha256:4645f770f98d656f11c69e81aeb21c6fca076a44bed3dcbb9396a4311bc7f6d8",
                "sha256:4d544806b485ddf29e52d75b1f559142514e60ef58a832f74fb38e48d757b299",
                "sha256:56a342b231e8862c96bdb6ab97170e203ce511f4d0429589c8ede1ee8ece48b8",
                "sha256:5db9637dbc24b631ff3707269ae4559bce4b7fd75c1c4d7e13f40edc42df4444",
                "sha256:689968e841136f9e542020698ee1c4fbe9caa2ed2213ae2388dc7b81721510d3",
                "sha256:6de8547d4fdb12421e2d047a2c446c623ff4c11f47fddb6b9169eb98ffba485a",
                "sha256:6f3bf5ec947526106399a9e1d26d40ee2b259c66422efdf4de63c848492d91bb",
                "sha256:782647ddc63c83133b2506912cc6b108140a38a37292102aaa19c81c83db2928",
                "sha256:7dcb79bf373a47d2a40cf7232928eb7540155abbc460925c2c96d2d30b006eb4",
                "sha256:8dfc17328e8da77be3cf9f47509e5637ba8f137148ed0e9b5241e1baf526e20a",
                "sha256:9026bd4a80108fac2239294a15ef9003c4ee191a0f64b90f170b40cfb7cf2d22",
                "sha256:911580460fc4884d9b05254b38a6bfadddfcc6aaef856fb5859e7ca202e45275",
                "sha256:98bcc8b5bf7afed22cc753a28bc4d9e26e078e777066bc53fac7904ddef9a678",
                "sha256:9b7ff55f31c4fcb3e316e8f7fa194566b286d6ac430afec0d461163312c5841e",
                "sha256:ac942bfd0aca577bef61f2bc8da8147c4ef6879965ef883d8e8d5d2dc3e744b8",
                "sha256:b3cd4273d3cb3707b6fffd217204c52ed92859533e31dc03b7c5008aa933aaab",
                "sha256:b4b0de34dc8499c2db34000ef8baad684cfa4cbd836ecee05f323ebfba348c7d",
                "sha256:ca7ed14832bce68baef331f4d7f294411bed8efd032f8109d690df45e00c4679",
                "sha256:cd05b72ec02ebfb993569b4931b2e16fbb4d6ad6ce80224a3ee838387d83a191",
                "sha256:dd71c47a911da120d72ef173aeac0bf5241423f9bfea57320110a978457e069e",
                "sha256:e5635178b387bd2ba4ac040f82bc2ef6e6b500483975c4ebacd34bec945fda12",
                "sha256:e6723a27ad7b244c0c79d8e7007092d7c8f0f11305770e2f4cd778b3ad5f9f85",
                "sha256:ec6c851509364c59a5344458ab935e6451b31b818be467eb24b0fe89bd05b6b9",
                "sha256:fe37e757f462d31a9cd7580236a82f353f5713a80e059a29753cf938c6775d96",
                "sha256:fe67dc676818c186d5a3d5425250e40f179c2a89145df477dd82945eaea89e97",
                "sha256:fe7317f578c6a153912bd2292f02e40c1d8f253e93c599e82620c7f69755c74f"
            ],
            "index": "pypi",
            "markers": "python_version >= '3.9'",
            "version": "==2.3.1"
        },
        "python-dateutil": {
            "hashes": [
                "sha256:37dd54208da7e1cd875388217d5e00ebd4179249f90fb72437e91a35459a0ad3",
                "sha256:a8b2bc7bffae282281c8140a97d3aa9c14da0b136dfe83f850eea9a5f7470427"
            ],
            "markers": "python_version >= '2.7' and python_version not in '3.0, 3.1, 3.2'",
            "version": "==2.9.0.post0"
        },
        "pytz": {
            "hashes": [
                "sha256:360b9e3dbb49a209c21ad61809c7fb453643e048b38924c765813546746e81c3",
                "sha256:5ddf76296dd8c44c26eb8f4b6f35488f3ccbf6fbbd7adee0b7262d43f0ec2f00"
            ],
            "version": "==2025.2"
        },
        "six": {
            "hashes": [
                "sha256:4721f391ed90541fddacab5acf947aa0d3dc7d27b2e1e8eda2be8970586c3274",
                "sha256:ff70335d468e7eb6ec65b95b99d3a2836546063f63acc5171de367e834932a81"
            ],
            "markers": "python_version >= '2.7' and python_version not in '3.0, 3.1, 3.2'",
            "version": "==1.17.0"
        },
        "tzdata": {
            "hashes": [
                "sha256:1a403fada01ff9221ca8044d701868fa132215d84beb92242d9acd2147f667a8",
                "sha256:b60a638fcc0daffadf82fe0f57e53d06bdec2f36c4df66280ae79bce6bd6f2b9"
            ],
            "markers": "python_version >= '2'",
            "version": "==2025.2"
        }
    },
    "develop": {
        "asttokens": {
            "hashes": [
                "sha256:0dcd8baa8d62b0c1d118b399b2ddba3c4aff271d0d7a9e0d4c1681c79035bbc7",
                "sha256:e3078351a059199dd5138cb1c706e6430c05eff2ff136af5eb4790f9d28932e2"
            ],
            "markers": "python_version >= '3.8'",
            "version": "==3.0.0"
        },
        "comm": {
            "hashes": [
                "sha256:3fd7a84065306e07bea1773df6eb8282de51ba82f77c72f9c85716ab11fe980e",
                "sha256:e6fb86cb70ff661ee8c9c14e7d36d6de3b4066f1441be4063df9c5009f0a64d3"
            ],
            "markers": "python_version >= '3.8'",
            "version": "==0.2.2"
        },
        "debugpy": {
            "hashes": [
                "sha256:0f920c7f9af409d90f5fd26e313e119d908b0dd2952c2393cd3247a462331f15",
                "sha256:1b2ac8c13b2645e0b1eaf30e816404990fbdb168e193322be8f545e8c01644a9",
                "sha256:281d44d248a0e1791ad0eafdbbd2912ff0de9eec48022a5bfbc332957487ed3f",
                "sha256:329a15d0660ee09fec6786acdb6e0443d595f64f5d096fc3e3ccf09a4259033f",
                "sha256:3784ec6e8600c66cbdd4ca2726c72d8ca781e94bce2f396cc606d458146f8f4e",
                "sha256:3d937d93ae4fa51cdc94d3e865f535f185d5f9748efb41d0d49e33bf3365bd79",
                "sha256:413512d35ff52c2fb0fd2d65e69f373ffd24f0ecb1fac514c04a668599c5ce7f",
                "sha256:4c9156f7524a0d70b7a7e22b2e311d8ba76a15496fb00730e46dcdeedb9e1eea",
                "sha256:5349b7c3735b766a281873fbe32ca9cca343d4cc11ba4a743f84cb854339ff35",
                "sha256:5aa56ef8538893e4502a7d79047fe39b1dae08d9ae257074c6464a7b290b806f",
                "sha256:5cd9a579d553b6cb9759a7908a41988ee6280b961f24f63336835d9418216a20",
                "sha256:684eaf43c95a3ec39a96f1f5195a7ff3d4144e4a18d69bb66beeb1a6de605d6e",
                "sha256:7118d462fe9724c887d355eef395fae68bc764fd862cdca94e70dcb9ade8a23d",
                "sha256:7816acea4a46d7e4e50ad8d09d963a680ecc814ae31cdef3622eb05ccacf7b01",
                "sha256:7cd287184318416850aa8b60ac90105837bb1e59531898c07569d197d2ed5322",
                "sha256:8899c17920d089cfa23e6005ad9f22582fd86f144b23acb9feeda59e84405b84",
                "sha256:93fee753097e85623cab1c0e6a68c76308cd9f13ffdf44127e6fab4fbf024339",
                "sha256:b1528cfee6c1b1c698eb10b6b096c598738a8238822d218173d21c3086de8123",
                "sha256:b44985f97cc3dd9d52c42eb59ee9d7ee0c4e7ecd62bca704891f997de4cef23d",
                "sha256:c442f20577b38cc7a9aafecffe1094f78f07fb8423c3dddb384e6b8f49fd2987",
                "sha256:c99295c76161ad8d507b413cd33422d7c542889fbb73035889420ac1fad354f2",
                "sha256:cf431c343a99384ac7eab2f763980724834f933a271e90496944195318c619e2",
                "sha256:d235e4fa78af2de4e5609073972700523e372cf5601742449970110d565ca28c",
                "sha256:d5582bcbe42917bc6bbe5c12db1bffdf21f6bfc28d4554b738bf08d50dc0c8c3",
                "sha256:f117dedda6d969c5c9483e23f573b38f4e39412845c7bc487b6f2648df30fe84",
                "sha256:f6bb5c0dcf80ad5dbc7b7d6eac484e2af34bdacdf81df09b6a3e62792b722826"
            ],
            "markers": "python_version >= '3.8'",
            "version": "==1.8.14"
        },
        "decorator": {
            "hashes": [
                "sha256:65f266143752f734b0a7cc83c46f4618af75b8c5911b00ccb61d0ac9b6da0360",
                "sha256:d316bb415a2d9e2d2b3abcc4084c6502fc09240e292cd76a76afc106a1c8e04a"
            ],
            "markers": "python_version >= '3.8'",
            "version": "==5.2.1"
        },
        "executing": {
            "hashes": [
                "sha256:11387150cad388d62750327a53d3339fad4888b39a6fe233c3afbb54ecffd3aa",
                "sha256:5d108c028108fe2551d1a7b2e8b713341e2cb4fc0aa7dcf966fa4327a5226755"
            ],
            "markers": "python_version >= '3.8'",
            "version": "==2.2.0"
        },
        "ipykernel": {
            "hashes": [
                "sha256:afdb66ba5aa354b09b91379bac28ae4afebbb30e8b39510c9690afb7a10421b5",
                "sha256:f093a22c4a40f8828f8e330a9c297cb93dcab13bd9678ded6de8e5cf81c56215"
            ],
            "index": "pypi",
            "markers": "python_version >= '3.8'",
            "version": "==6.29.5"
        },
        "ipython": {
            "hashes": [
                "sha256:25850f025a446d9b359e8d296ba175a36aedd32e83ca9b5060430fe16801f066",
                "sha256:c033c6d4e7914c3d9768aabe76bbe87ba1dc66a92a05db6bfa1125d81f2ee270"
            ],
            "markers": "python_version >= '3.11'",
            "version": "==9.4.0"
        },
        "ipython-pygments-lexers": {
            "hashes": [
                "sha256:09c0138009e56b6854f9535736f4171d855c8c08a563a0dcd8022f78355c7e81",
                "sha256:a9462224a505ade19a605f71f8fa63c2048833ce50abc86768a0d81d876dc81c"
            ],
            "markers": "python_version >= '3.8'",
            "version": "==1.1.1"
        },
        "jedi": {
            "hashes": [
                "sha256:4770dc3de41bde3966b02eb84fbcf557fb33cce26ad23da12c742fb50ecb11f0",
                "sha256:a8ef22bde8490f57fe5c7681a3c83cb58874daf72b4784de3cce5b6ef6edb5b9"
            ],
            "markers": "python_version >= '3.6'",
            "version": "==0.19.2"
        },
        "jupyter-client": {
            "hashes": [
                "sha256:35b3a0947c4a6e9d589eb97d7d4cd5e90f910ee73101611f01283732bd6d9419",
                "sha256:e8a19cc986cc45905ac3362915f410f3af85424b4c0905e94fa5f2cb08e8f23f"
            ],
            "markers": "python_version >= '3.8'",
            "version": "==8.6.3"
        },
        "jupyter-core": {
            "hashes": [
                "sha256:0a5f9706f70e64786b75acba995988915ebd4601c8a52e534a40b51c95f59941",
                "sha256:c28d268fc90fb53f1338ded2eb410704c5449a358406e8a948b75706e24863d0"
            ],
            "markers": "python_version >= '3.8'",
            "version": "==5.8.1"
        },
        "matplotlib-inline": {
            "hashes": [
                "sha256:8423b23ec666be3d16e16b60bdd8ac4e86e840ebd1dd11a30b9f117f2fa0ab90",
                "sha256:df192d39a4ff8f21b1895d72e6a13f5fcc5099f00fa84384e0ea28c2cc0653ca"
            ],
            "markers": "python_version >= '3.8'",
            "version": "==0.1.7"
        },
        "nest-asyncio": {
            "hashes": [
                "sha256:6f172d5449aca15afd6c646851f4e31e02c598d553a667e38cafa997cfec55fe",
                "sha256:87af6efd6b5e897c81050477ef65c62e2b2f35d51703cae01aff2905b1852e1c"
            ],
            "markers": "python_version >= '3.5'",
            "version": "==1.6.0"
        },
        "packaging": {
            "hashes": [
                "sha256:29572ef2b1f17581046b3a2227d5c611fb25ec70ca1ba8554b24b0e69331a484",
                "sha256:d443872c98d677bf60f6a1f2f8c1cb748e8fe762d2bf9d3148b5599295b0fc4f"
            ],
            "markers": "python_version >= '3.8'",
            "version": "==25.0"
        },
        "parso": {
            "hashes": [
                "sha256:a418670a20291dacd2dddc80c377c5c3791378ee1e8d12bffc35420643d43f18",
                "sha256:eb3a7b58240fb99099a345571deecc0f9540ea5f4dd2fe14c2a99d6b281ab92d"
            ],
            "markers": "python_version >= '3.6'",
            "version": "==0.8.4"
        },
        "pexpect": {
            "hashes": [
                "sha256:7236d1e080e4936be2dc3e326cec0af72acf9212a7e1d060210e70a47e253523",
                "sha256:ee7d41123f3c9911050ea2c2dac107568dc43b2d3b0c7557a33212c398ead30f"
            ],
            "markers": "sys_platform != 'win32' and sys_platform != 'emscripten'",
            "version": "==4.9.0"
        },
        "platformdirs": {
            "hashes": [
                "sha256:3d512d96e16bcb959a814c9f348431070822a6496326a4be0911c40b5a74c2bc",
                "sha256:ff7059bb7eb1179e2685604f4aaf157cfd9535242bd23742eadc3c13542139b4"
            ],
            "markers": "python_version >= '3.9'",
            "version": "==4.3.8"
        },
        "prompt-toolkit": {
            "hashes": [
                "sha256:52742911fde84e2d423e2f9a4cf1de7d7ac4e51958f648d9540e0fb8db077b07",
                "sha256:931a162e3b27fc90c86f1b48bb1fb2c528c2761475e57c9c06de13311c7b54ed"
            ],
            "markers": "python_version >= '3.8'",
            "version": "==3.0.51"
        },
        "psutil": {
            "hashes": [
                "sha256:101d71dc322e3cffd7cea0650b09b3d08b8e7c4109dd6809fe452dfd00e58b25",
                "sha256:1e744154a6580bc968a0195fd25e80432d3afec619daf145b9e5ba16cc1d688e",
                "sha256:1fcee592b4c6f146991ca55919ea3d1f8926497a713ed7faaf8225e174581e91",
                "sha256:39db632f6bb862eeccf56660871433e111b6ea58f2caea825571951d4b6aa3da",
                "sha256:4b1388a4f6875d7e2aff5c4ca1cc16c545ed41dd8bb596cefea80111db353a34",
                "sha256:4cf3d4eb1aa9b348dec30105c55cd9b7d4629285735a102beb4441e38db90553",
                "sha256:7be9c3eba38beccb6495ea33afd982a44074b78f28c434a1f51cc07fd315c456",
                "sha256:84df4eb63e16849689f76b1ffcb36db7b8de703d1bc1fe41773db487621b6c17",
                "sha256:a5f098451abc2828f7dc6b58d44b532b22f2088f4999a937557b603ce72b1993",
                "sha256:ba3fcef7523064a6c9da440fc4d6bd07da93ac726b5733c29027d7dc95b39d99"
            ],
            "markers": "python_version >= '3.6'",
            "version": "==7.0.0"
        },
        "ptyprocess": {
            "hashes": [
                "sha256:4b41f3967fce3af57cc7e94b888626c18bf37a083e3651ca8feeb66d492fef35",
                "sha256:5c5d0a3b48ceee0b48485e0c26037c0acd7d29765ca3fbb5cb3831d347423220"
            ],
            "version": "==0.7.0"
        },
        "pure-eval": {
            "hashes": [
                "sha256:1db8e35b67b3d218d818ae653e27f06c3aa420901fa7b081ca98cbedc874e0d0",
                "sha256:5f4e983f40564c576c7c8635ae88db5956bb2229d7e9237d03b3c0b0190eaf42"
            ],
            "version": "==0.2.3"
        },
        "pygments": {
            "hashes": [
                "sha256:636cb2477cec7f8952536970bc533bc43743542f70392ae026374600add5b887",
                "sha256:86540386c03d588bb81d44bc3928634ff26449851e99741617ecb9037ee5ec0b"
            ],
            "markers": "python_version >= '3.8'",
            "version": "==2.19.2"
        },
        "python-dateutil": {
            "hashes": [
                "sha256:37dd54208da7e1cd875388217d5e00ebd4179249f90fb72437e91a35459a0ad3",
                "sha256:a8b2bc7bffae282281c8140a97d3aa9c14da0b136dfe83f850eea9a5f7470427"
            ],
            "markers": "python_version >= '2.7' and python_version not in '3.0, 3.1, 3.2'",
            "version": "==2.9.0.post0"
        },
        "pyzmq": {
            "hashes": [
                "sha256:00387d12a8af4b24883895f7e6b9495dc20a66027b696536edac35cb988c38f3",
                "sha256:04cd50ef3b28e35ced65740fb9956a5b3f77a6ff32fcd887e3210433f437dd0f",
                "sha256:0546a720c1f407b2172cb04b6b094a78773491497e3644863cf5c96c42df8cff",
                "sha256:096af9e133fec3a72108ddefba1e42985cb3639e9de52cfd336b6fc23aa083e9",
                "sha256:100f6e5052ba42b2533011d34a018a5ace34f8cac67cb03cfa37c8bdae0ca617",
                "sha256:10f70c1d9a446a85013a36871a296007f6fe4232b530aa254baf9da3f8328bc0",
                "sha256:111db5f395e09f7e775f759d598f43cb815fc58e0147623c4816486e1a39dc22",
                "sha256:14fe7aaac86e4e93ea779a821967360c781d7ac5115b3f1a171ced77065a0174",
                "sha256:15f39d50bd6c9091c67315ceb878a4f531957b121d2a05ebd077eb35ddc5efed",
                "sha256:1958947983fef513e6e98eff9cb487b60bf14f588dc0e6bf35fa13751d2c8251",
                "sha256:20d5cb29e8c5f76a127c75b6e7a77e846bc4b655c373baa098c26a61b7ecd0ef",
                "sha256:21457825249b2a53834fa969c69713f8b5a79583689387a5e7aed880963ac564",
                "sha256:2524c40891be6a3106885a3935d58452dd83eb7a5742a33cc780a1ad4c49dec0",
                "sha256:26b72c5ae20bf59061c3570db835edb81d1e0706ff141747055591c4b41193f8",
                "sha256:26d542258c7a1f35a9cff3d887687d3235006134b0ac1c62a6fe1ad3ac10440e",
                "sha256:29f44e3c26b9783816ba9ce274110435d8f5b19bbd82f7a6c7612bb1452a3597",
                "sha256:2c386339d7e3f064213aede5d03d054b237937fbca6dd2197ac8cf3b25a6b14e",
                "sha256:39ddd3ba0a641f01d8f13a3cfd4c4924eb58e660d8afe87e9061d6e8ca6f7ac3",
                "sha256:42c7555123679637c99205b1aa9e8f7d90fe29d4c243c719e347d4852545216c",
                "sha256:4c19d39c04c29a6619adfeb19e3735c421b3bfee082f320662f52e59c47202ba",
                "sha256:4e7d0a8d460fba526cc047333bdcbf172a159b8bd6be8c3eb63a416ff9ba1477",
                "sha256:50360fb2a056ffd16e5f4177eee67f1dd1017332ea53fb095fe7b5bf29c70246",
                "sha256:51f5726de3532b8222e569990c8aa34664faa97038304644679a51d906e60c6e",
                "sha256:53a48f0228eab6cbf69fde3aa3c03cbe04e50e623ef92ae395fce47ef8a76152",
                "sha256:55a0155b148fe0428285a30922f7213539aa84329a5ad828bca4bbbc665c70a4",
                "sha256:56e46bbb85d52c1072b3f809cc1ce77251d560bc036d3a312b96db1afe76db2e",
                "sha256:5b10bd6f008937705cf6e7bf8b6ece5ca055991e3eb130bca8023e20b86aa9a3",
                "sha256:5cd11d46d7b7e5958121b3eaf4cd8638eff3a720ec527692132f05a57f14341d",
                "sha256:5d5ef4718ecab24f785794e0e7536436698b459bfbc19a1650ef55280119d93b",
                "sha256:60e8cc82d968174650c1860d7b716366caab9973787a1c060cf8043130f7d0f7",
                "sha256:63af72b2955fc77caf0a77444baa2431fcabb4370219da38e1a9f8d12aaebe28",
                "sha256:656c1866505a5735d0660b7da6d7147174bbf59d4975fc2b7f09f43c9bc25745",
                "sha256:661942bc7cd0223d569d808f2e5696d9cc120acc73bf3e88a1f1be7ab648a7e4",
                "sha256:67855c14173aec36395d7777aaba3cc527b393821f30143fd20b98e1ff31fd38",
                "sha256:67bfbcbd0a04c575e8103a6061d03e393d9f80ffdb9beb3189261e9e9bc5d5e9",
                "sha256:6a56e3e5bd2d62a01744fd2f1ce21d760c7c65f030e9522738d75932a14ab62a",
                "sha256:6ad0562d4e6abb785be3e4dd68599c41be821b521da38c402bc9ab2a8e7ebc7e",
                "sha256:6b0397b0be277b46762956f576e04dc06ced265759e8c2ff41a0ee1aa0064198",
                "sha256:6e435540fa1da54667f0026cf1e8407fe6d8a11f1010b7f06b0b17214ebfcf5e",
                "sha256:7011ade88c8e535cf140f8d1a59428676fbbce7c6e54fefce58bf117aefb6667",
                "sha256:74175b9e12779382432dd1d1f5960ebe7465d36649b98a06c6b26be24d173fab",
                "sha256:7cdf07fe0a557b131366f80727ec8ccc4b70d89f1e3f920d94a594d598d754f0",
                "sha256:8617c7d43cd8ccdb62aebe984bfed77ca8f036e6c3e46dd3dddda64b10f0ab7a",
                "sha256:88b4e43cab04c3c0f0d55df3b1eef62df2b629a1a369b5289a58f6fa8b07c4f4",
                "sha256:8c86ea8fe85e2eb0ffa00b53192c401477d5252f6dd1db2e2ed21c1c30d17e5e",
                "sha256:8ca7e6a0388dd9e1180b14728051068f4efe83e0d2de058b5ff92c63f399a73f",
                "sha256:90252fa2ff3a104219db1f5ced7032a7b5fc82d7c8d2fec2b9a3e6fd4e25576b",
                "sha256:9df43a2459cd3a3563404c1456b2c4c69564daa7dbaf15724c09821a3329ce46",
                "sha256:a20528da85c7ac7a19b7384e8c3f8fa707841fd85afc4ed56eda59d93e3d98ad",
                "sha256:a979b7cf9e33d86c4949df527a3018767e5f53bc3b02adf14d4d8db1db63ccc0",
                "sha256:ae2b34bcfaae20c064948a4113bf8709eee89fd08317eb293ae4ebd69b4d9740",
                "sha256:b1f08eeb9ce1510e6939b6e5dcd46a17765e2333daae78ecf4606808442e52cf",
                "sha256:b801c2e40c5aa6072c2f4876de8dccd100af6d9918d4d0d7aa54a1d982fd4f44",
                "sha256:b973ee650e8f442ce482c1d99ca7ab537c69098d53a3d046676a484fd710c87a",
                "sha256:bf6c6b061efd00404b9750e2cfbd9507492c8d4b3721ded76cb03786131be2ed",
                "sha256:c0dc628b5493f9a8cd9844b8bee9732ef587ab00002157c9329e4fc0ef4d3afa",
                "sha256:c0ed2c1f335ba55b5fdc964622254917d6b782311c50e138863eda409fbb3b6d",
                "sha256:c2dace4a7041cca2fba5357a2d7c97c5effdf52f63a1ef252cfa496875a3762d",
                "sha256:c36ad534c0c29b4afa088dc53543c525b23c0797e01b69fef59b1a9c0e38b688",
                "sha256:c45fee3968834cd291a13da5fac128b696c9592a9493a0f7ce0b47fa03cc574d",
                "sha256:c5817641eebb391a2268c27fecd4162448e03538387093cdbd8bf3510c316b38",
                "sha256:c644aaacc01d0df5c7072826df45e67301f191c55f68d7b2916d83a9ddc1b551",
                "sha256:c8878011653dcdc27cc2c57e04ff96f0471e797f5c19ac3d7813a245bcb24371",
                "sha256:cae73bb6898c4e045fbed5024cb587e4110fddb66f6163bcab5f81f9d4b9c496",
                "sha256:cb0ac5179cba4b2f94f1aa208fbb77b62c4c9bf24dd446278b8b602cf85fcda3",
                "sha256:cbabc59dcfaac66655c040dfcb8118f133fb5dde185e5fc152628354c1598e52",
                "sha256:cd1dc59763effd1576f8368047c9c31468fce0af89d76b5067641137506792ae",
                "sha256:cf209a6dc4b420ed32a7093642843cbf8703ed0a7d86c16c0b98af46762ebefb",
                "sha256:d8229f2efece6a660ee211d74d91dbc2a76b95544d46c74c615e491900dc107f",
                "sha256:d8c6de908465697a8708e4d6843a1e884f567962fc61eb1706856545141d0cbb",
                "sha256:dc1091f59143b471d19eb64f54bae4f54bcf2a466ffb66fe45d94d8d734eb495",
                "sha256:dce4199bf5f648a902ce37e7b3afa286f305cd2ef7a8b6ec907470ccb6c8b371",
                "sha256:e40609380480b3d12c30f841323f42451c755b8fece84235236f5fe5ffca8c1c",
                "sha256:e8c4adce8e37e75c4215297d7745551b8dcfa5f728f23ce09bf4e678a9399413",
                "sha256:e918d70862d4cfd4b1c187310015646a14e1f5917922ab45b29f28f345eeb6be",
                "sha256:ea6d441c513bf18c578c73c323acf7b4184507fc244762193aa3a871333c9045",
                "sha256:ee05728c0b0b2484a9fc20466fa776fffb65d95f7317a3419985b8c908563861",
                "sha256:f4162dbbd9c5c84fb930a36f290b08c93e35fce020d768a16fc8891a2f72bab8",
                "sha256:f7bbe9e1ed2c8d3da736a15694d87c12493e54cc9dc9790796f0321794bbc91f"
            ],
            "markers": "python_version >= '3.8'",
            "version": "==27.0.0"
        },
        "six": {
            "hashes": [
                "sha256:4721f391ed90541fddacab5acf947aa0d3dc7d27b2e1e8eda2be8970586c3274",
                "sha256:ff70335d468e7eb6ec65b95b99d3a2836546063f63acc5171de367e834932a81"
            ],
            "markers": "python_version >= '2.7' and python_version not in '3.0, 3.1, 3.2'",
            "version": "==1.17.0"
        },
        "stack-data": {
            "hashes": [
                "sha256:836a778de4fec4dcd1dcd89ed8abff8a221f58308462e1c4aa2a3cf30148f0b9",
                "sha256:d5558e0c25a4cb0853cddad3d77da9891a08cb85dd9f9f91b9f8cd66e511e695"
            ],
            "version": "==0.6.3"
        },
        "tornado": {
            "hashes": [
                "sha256:02420a0eb7bf617257b9935e2b754d1b63897525d8a289c9d65690d580b4dcf7",
                "sha256:13ce6e3396c24e2808774741331638ee6c2f50b114b97a55c5b442df65fd9692",
                "sha256:253b76040ee3bab8bcf7ba9feb136436a3787208717a1fb9f2c16b744fba7331",
                "sha256:308473f4cc5a76227157cdf904de33ac268af770b2c5f05ca6c1161d82fdd95e",
                "sha256:5cae6145f4cdf5ab24744526cc0f55a17d76f02c98f4cff9daa08ae9a217448a",
                "sha256:84ceece391e8eb9b2b95578db65e920d2a61070260594819589609ba9bc6308c",
                "sha256:908e7d64567cecd4c2b458075589a775063453aeb1d2a1853eedb806922f568b",
                "sha256:9e9ca370f717997cb85606d074b0e5b247282cf5e2e1611568b8821afe0342d6",
                "sha256:b77e9dfa7ed69754a54c89d82ef746398be82f749df69c4d3abe75c4d1ff4888",
                "sha256:caec6314ce8a81cf69bd89909f4b633b9f523834dc1a352021775d45e51d9401",
                "sha256:d50065ba7fd11d3bd41bcad0825227cc9a95154bad83239357094c36708001f7",
                "sha256:e0a36e1bc684dca10b1aa75a31df8bdfed656831489bc1e6a6ebed05dc1ec365"
            ],
            "markers": "python_version >= '3.9'",
            "version": "==6.5.1"
        },
        "traitlets": {
            "hashes": [
                "sha256:9ed0579d3502c94b4b3732ac120375cda96f923114522847de4b3bb98b96b6b7",
                "sha256:b74e89e397b1ed28cc831db7aea759ba6640cb3de13090ca145426688ff1ac4f"
            ],
            "markers": "python_version >= '3.8'",
            "version": "==5.14.3"
        },
        "wcwidth": {
            "hashes": [
                "sha256:3da69048e4540d84af32131829ff948f1e022c1c6bdb8d6102117aac784f6859",
                "sha256:72ea0c06399eb286d978fdedb6923a9eb47e1c486ce63e9b4e64fc18303972b5"
            ],
            "version": "==0.2.13"
        }
    }
}
